github.com/purescript-native/go-ffi v0.0.0-20190906051550-897a1302fde3 h1:qOX9QbnGvRCFtw3z8IixnlbQ+0FG53lqUQXc8XXIXEU=
github.com/purescript-native/go-ffi v0.0.0-20190906051550-897a1302fde3/go.mod h1:1TvaJdjRUFHRmoLQ5QvpR1pnivyd7eBjNA+j1PuktBM=
github.com/purescript-native/go-runtime v0.0.0-20190907045917-ec626efcf4a1 h1:IUz6uZIjx6rNeadX18XTE2xmlku8YGoKt/+HisWq35U=
github.com/purescript-native/go-runtime v0.0.0-20190907045917-ec626efcf4a1/go.mod h1:Pl7TR9c9Al8GMlY/R2D7joWjlQuTiB9eBN2a9aXd6GQ=
github.com/veandco/go-sdl2 v0.3.3 h1:4/TirgB2MQ7oww3pM3Yfgf1YbChMlAQAmiCPe5koK0I=
github.com/veandco/go-sdl2 v0.3.3/go.mod h1:FB+kTpX9YTE+urhYiClnRzpOXbiWgaU3+5F2AB78DPg=
